
Microsoft Visual Studio Solution File, Format Version 12.00
# Visual Studio 15
VisualStudioVersion = 15.0.27428.2015
MinimumVisualStudioVersion = 10.0.40219.1
Project("{FAE04EC0-301F-11D3-BF4B-00C04F79EFBC}") = "ExampleNugetPackages", "ExampleNugetPackages\ExampleNugetPackages.csproj", "{70E01909-5F41-4CED-9601-FE5E04F7636F}"
EndProject
Global
	GlobalSection(SolutionConfigurationPlatforms) = preSolution
		Debug|Any CPU = Debug|Any CPU
		Release|Any CPU = Release|Any CPU
	EndGlobalSection
	GlobalSection(ProjectConfigurationPlatforms) = postSolution
		{70E01909-5F41-4CED-9601-FE5E04F7636F}.Debug|Any CPU.ActiveCfg = Debug|Any CPU
		{70E01909-5F41-4CED-9601-FE5E04F7636F}.Debug|Any CPU.Build.0 = Debug|Any CPU
		{70E01909-5F41-4CED-9601-FE5E04F7636F}.Release|Any CPU.ActiveCfg = Release|Any CPU
		{70E01909-5F41-4CED-9601-FE5E04F7636F}.Release|Any CPU.Build.0 = Release|Any CPU
	EndGlobalSection
	GlobalSection(SolutionProperties) = preSolution
		HideSolutionNode = FALSE
	EndGlobalSection
	GlobalSection(ExtensibilityGlobals) = postSolution
		SolutionGuid = {0244484D-D2E1-4803-86B7-616F0DAF0428}
	EndGlobalSection
EndGlobal
