
Microsoft Visual Studio Solution File, Format Version 12.00
# Visual Studio 15
VisualStudioVersion = 15.0.27428.2015
MinimumVisualStudioVersion = 10.0.40219.1
Project("{FAE04EC0-301F-11D3-BF4B-00C04F79EFBC}") = "EpiserverExample", "src\EpiserverExample\EpiserverExample.csproj", "{F61EF734-71E6-4ADE-A19A-F8A4F0EBC90F}"
EndProject
Project("{2150E333-8FDC-42A3-9474-1A3956D46DE8}") = "Solution Items", "Solution Items", "{A27D687E-8AA8-4959-A09E-B9CF107292CC}"
	ProjectSection(SolutionItems) = preProject
		.gitignore = .gitignore
		appveyor.yml = appveyor.yml
		initpackage.ps1 = initpackage.ps1
		.nuget\NuGet.Config = .nuget\NuGet.Config
	EndProjectSection
EndProject
Project("{2150E333-8FDC-42A3-9474-1A3956D46DE8}") = "tests", "tests", "{97EAAE89-8BD0-4054-A282-AED4B78CFC12}"
EndProject
Project("{FAE04EC0-301F-11D3-BF4B-00C04F79EFBC}") = "EpiserverExampleTests", "tests\EpiserverExampleTests\EpiserverExampleTests.csproj", "{7218ACDE-71EC-442D-BFCE-EA8224199038}"
EndProject
Global
	GlobalSection(SolutionConfigurationPlatforms) = preSolution
		Debug|Any CPU = Debug|Any CPU
		Release|Any CPU = Release|Any CPU
	EndGlobalSection
	GlobalSection(ProjectConfigurationPlatforms) = postSolution
		{F61EF734-71E6-4ADE-A19A-F8A4F0EBC90F}.Debug|Any CPU.ActiveCfg = Debug|Any CPU
		{F61EF734-71E6-4ADE-A19A-F8A4F0EBC90F}.Debug|Any CPU.Build.0 = Debug|Any CPU
		{F61EF734-71E6-4ADE-A19A-F8A4F0EBC90F}.Release|Any CPU.ActiveCfg = Release|Any CPU
		{F61EF734-71E6-4ADE-A19A-F8A4F0EBC90F}.Release|Any CPU.Build.0 = Release|Any CPU
		{7218ACDE-71EC-442D-BFCE-EA8224199038}.Debug|Any CPU.ActiveCfg = Debug|Any CPU
		{7218ACDE-71EC-442D-BFCE-EA8224199038}.Debug|Any CPU.Build.0 = Debug|Any CPU
		{7218ACDE-71EC-442D-BFCE-EA8224199038}.Release|Any CPU.ActiveCfg = Release|Any CPU
		{7218ACDE-71EC-442D-BFCE-EA8224199038}.Release|Any CPU.Build.0 = Release|Any CPU
	EndGlobalSection
	GlobalSection(SolutionProperties) = preSolution
		HideSolutionNode = FALSE
	EndGlobalSection
	GlobalSection(NestedProjects) = preSolution
		{7218ACDE-71EC-442D-BFCE-EA8224199038} = {97EAAE89-8BD0-4054-A282-AED4B78CFC12}
	EndGlobalSection
	GlobalSection(ExtensibilityGlobals) = postSolution
		SolutionGuid = {0244484D-D2E1-4803-86B7-616F0DAF0428}
	EndGlobalSection
EndGlobal
